
Microsoft Visual Studio Solution File, Format Version 12.00
# Visual Studio Version 17
VisualStudioVersion = 17.10.35027.167
MinimumVisualStudioVersion = 10.0.40219.1
Project("{FAE04EC0-301F-11D3-BF4B-00C04F79EFBC}") = "LTI_Receive_Reply_From_SMS", "LTI_Receive_Reply_From_SMS\LTI_Receive_Reply_From_SMS.csproj", "{ADB1CD2A-14BE-4560-93A3-F6E93381604D}"
EndProject
Global
	GlobalSection(SolutionConfigurationPlatforms) = preSolution
		Debug|Any CPU = Debug|Any CPU
		Release|Any CPU = Release|Any CPU
	EndGlobalSection
	GlobalSection(ProjectConfigurationPlatforms) = postSolution
		{ADB1CD2A-14BE-4560-93A3-F6E93381604D}.Debug|Any CPU.ActiveCfg = Debug|Any CPU
		{ADB1CD2A-14BE-4560-93A3-F6E93381604D}.Debug|Any CPU.Build.0 = Debug|Any CPU
		{ADB1CD2A-14BE-4560-93A3-F6E93381604D}.Release|Any CPU.ActiveCfg = Release|Any CPU
		{ADB1CD2A-14BE-4560-93A3-F6E93381604D}.Release|Any CPU.Build.0 = Release|Any CPU
	EndGlobalSection
	GlobalSection(SolutionProperties) = preSolution
		HideSolutionNode = FALSE
	EndGlobalSection
	GlobalSection(ExtensibilityGlobals) = postSolution
		SolutionGuid = {3D56E761-92DE-41EB-8FA5-5C948256E231}
	EndGlobalSection
EndGlobal
